
Microsoft Visual Studio Solution File, Format Version 12.00
Project("{FAE04EC0-301F-11D3-BF4B-00C04F79EFBC}") = "laba9", "laba9\laba9.csproj", "{24263D4D-1180-4B88-9219-C9743BA8796A}"
EndProject
Global
	GlobalSection(SolutionConfigurationPlatforms) = preSolution
		Debug|Any CPU = Debug|Any CPU
		Release|Any CPU = Release|Any CPU
	EndGlobalSection
	GlobalSection(ProjectConfigurationPlatforms) = postSolution
		{24263D4D-1180-4B88-9219-C9743BA8796A}.Debug|Any CPU.ActiveCfg = Debug|Any CPU
		{24263D4D-1180-4B88-9219-C9743BA8796A}.Debug|Any CPU.Build.0 = Debug|Any CPU
		{24263D4D-1180-4B88-9219-C9743BA8796A}.Release|Any CPU.ActiveCfg = Release|Any CPU
		{24263D4D-1180-4B88-9219-C9743BA8796A}.Release|Any CPU.Build.0 = Release|Any CPU
	EndGlobalSection
EndGlobal
