
Microsoft Visual Studio Solution File, Format Version 12.00
Project("{FAE04EC0-301F-11D3-BF4B-00C04F79EFBC}") = "laba2", "laba2\laba2.csproj", "{D57F8F13-26A2-4CBE-BC7A-9ECD7E934ED8}"
EndProject
Global
	GlobalSection(SolutionConfigurationPlatforms) = preSolution
		Debug|Any CPU = Debug|Any CPU
		Release|Any CPU = Release|Any CPU
	EndGlobalSection
	GlobalSection(ProjectConfigurationPlatforms) = postSolution
		{D57F8F13-26A2-4CBE-BC7A-9ECD7E934ED8}.Debug|Any CPU.ActiveCfg = Debug|Any CPU
		{D57F8F13-26A2-4CBE-BC7A-9ECD7E934ED8}.Debug|Any CPU.Build.0 = Debug|Any CPU
		{D57F8F13-26A2-4CBE-BC7A-9ECD7E934ED8}.Release|Any CPU.ActiveCfg = Release|Any CPU
		{D57F8F13-26A2-4CBE-BC7A-9ECD7E934ED8}.Release|Any CPU.Build.0 = Release|Any CPU
	EndGlobalSection
EndGlobal
